
Microsoft Visual Studio Solution File, Format Version 12.00
# Visual Studio Version 17
VisualStudioVersion = 17.9.34728.123
MinimumVisualStudioVersion = 10.0.40219.1
Project("{9A19103F-16F7-4668-BE54-9A1E7A4F7556}") = "AdoNetApp", "AdoNetApp\AdoNetApp.csproj", "{57B2F819-2518-44C5-8846-52068C20EB4D}"
EndProject
Project("{FAE04EC0-301F-11D3-BF4B-00C04F79EFBC}") = "AdoGenericService", "AdoGenericService\AdoGenericService.csproj", "{21A2F292-23BB-4C77-AB3B-D6EFDF132192}"
EndProject
Global
	GlobalSection(SolutionConfigurationPlatforms) = preSolution
		Debug|Any CPU = Debug|Any CPU
		Release|Any CPU = Release|Any CPU
	EndGlobalSection
	GlobalSection(ProjectConfigurationPlatforms) = postSolution
		{57B2F819-2518-44C5-8846-52068C20EB4D}.Debug|Any CPU.ActiveCfg = Debug|Any CPU
		{57B2F819-2518-44C5-8846-52068C20EB4D}.Debug|Any CPU.Build.0 = Debug|Any CPU
		{57B2F819-2518-44C5-8846-52068C20EB4D}.Release|Any CPU.ActiveCfg = Release|Any CPU
		{57B2F819-2518-44C5-8846-52068C20EB4D}.Release|Any CPU.Build.0 = Release|Any CPU
		{21A2F292-23BB-4C77-AB3B-D6EFDF132192}.Debug|Any CPU.ActiveCfg = Debug|Any CPU
		{21A2F292-23BB-4C77-AB3B-D6EFDF132192}.Debug|Any CPU.Build.0 = Debug|Any CPU
		{21A2F292-23BB-4C77-AB3B-D6EFDF132192}.Release|Any CPU.ActiveCfg = Release|Any CPU
		{21A2F292-23BB-4C77-AB3B-D6EFDF132192}.Release|Any CPU.Build.0 = Release|Any CPU
	EndGlobalSection
	GlobalSection(SolutionProperties) = preSolution
		HideSolutionNode = FALSE
	EndGlobalSection
	GlobalSection(ExtensibilityGlobals) = postSolution
		SolutionGuid = {D3B65607-8788-47A2-A1C6-20683E8AD56F}
	EndGlobalSection
EndGlobal
