
Microsoft Visual Studio Solution File, Format Version 12.00
# Visual Studio Version 17
VisualStudioVersion = 17.9.34728.123
MinimumVisualStudioVersion = 10.0.40219.1
Project("{FAE04EC0-301F-11D3-BF4B-00C04F79EFBC}") = "SwitchCaseExamples", "SwitchCaseExamples\SwitchCaseExamples.csproj", "{65F9E35A-6631-4D4A-9DDF-BB85BEFBEF02}"
EndProject
Global
	GlobalSection(SolutionConfigurationPlatforms) = preSolution
		Debug|Any CPU = Debug|Any CPU
		Release|Any CPU = Release|Any CPU
	EndGlobalSection
	GlobalSection(ProjectConfigurationPlatforms) = postSolution
		{65F9E35A-6631-4D4A-9DDF-BB85BEFBEF02}.Debug|Any CPU.ActiveCfg = Debug|Any CPU
		{65F9E35A-6631-4D4A-9DDF-BB85BEFBEF02}.Debug|Any CPU.Build.0 = Debug|Any CPU
		{65F9E35A-6631-4D4A-9DDF-BB85BEFBEF02}.Release|Any CPU.ActiveCfg = Release|Any CPU
		{65F9E35A-6631-4D4A-9DDF-BB85BEFBEF02}.Release|Any CPU.Build.0 = Release|Any CPU
	EndGlobalSection
	GlobalSection(SolutionProperties) = preSolution
		HideSolutionNode = FALSE
	EndGlobalSection
	GlobalSection(ExtensibilityGlobals) = postSolution
		SolutionGuid = {B2E9B714-085C-4DEA-942C-EE39CA6C3A6F}
	EndGlobalSection
EndGlobal
