
Microsoft Visual Studio Solution File, Format Version 12.00
# Visual Studio Version 17
VisualStudioVersion = 17.9.34728.123
MinimumVisualStudioVersion = 10.0.40219.1
Project("{FAE04EC0-301F-11D3-BF4B-00C04F79EFBC}") = "LabGun", "LabGun\LabGun.csproj", "{D7592FFB-F336-4ACF-AE4F-0EC8DBBE91C7}"
EndProject
Global
	GlobalSection(SolutionConfigurationPlatforms) = preSolution
		Debug|Any CPU = Debug|Any CPU
		Release|Any CPU = Release|Any CPU
	EndGlobalSection
	GlobalSection(ProjectConfigurationPlatforms) = postSolution
		{D7592FFB-F336-4ACF-AE4F-0EC8DBBE91C7}.Debug|Any CPU.ActiveCfg = Debug|Any CPU
		{D7592FFB-F336-4ACF-AE4F-0EC8DBBE91C7}.Debug|Any CPU.Build.0 = Debug|Any CPU
		{D7592FFB-F336-4ACF-AE4F-0EC8DBBE91C7}.Release|Any CPU.ActiveCfg = Release|Any CPU
		{D7592FFB-F336-4ACF-AE4F-0EC8DBBE91C7}.Release|Any CPU.Build.0 = Release|Any CPU
	EndGlobalSection
	GlobalSection(SolutionProperties) = preSolution
		HideSolutionNode = FALSE
	EndGlobalSection
	GlobalSection(ExtensibilityGlobals) = postSolution
		SolutionGuid = {1ABA82E6-24F5-4B0D-B4AE-55F353F1F4CE}
	EndGlobalSection
EndGlobal
