
Microsoft Visual Studio Solution File, Format Version 12.00
# Visual Studio Version 17
VisualStudioVersion = 17.9.34728.123
MinimumVisualStudioVersion = 10.0.40219.1
Project("{FAE04EC0-301F-11D3-BF4B-00C04F79EFBC}") = "RestaurantConsoleApp", "RestaurantConsoleApp\RestaurantConsoleApp.csproj", "{79B0A2C3-F841-4D00-BE25-7274055BE48F}"
EndProject
Global
	GlobalSection(SolutionConfigurationPlatforms) = preSolution
		Debug|Any CPU = Debug|Any CPU
		Release|Any CPU = Release|Any CPU
	EndGlobalSection
	GlobalSection(ProjectConfigurationPlatforms) = postSolution
		{79B0A2C3-F841-4D00-BE25-7274055BE48F}.Debug|Any CPU.ActiveCfg = Debug|Any CPU
		{79B0A2C3-F841-4D00-BE25-7274055BE48F}.Debug|Any CPU.Build.0 = Debug|Any CPU
		{79B0A2C3-F841-4D00-BE25-7274055BE48F}.Release|Any CPU.ActiveCfg = Release|Any CPU
		{79B0A2C3-F841-4D00-BE25-7274055BE48F}.Release|Any CPU.Build.0 = Release|Any CPU
	EndGlobalSection
	GlobalSection(SolutionProperties) = preSolution
		HideSolutionNode = FALSE
	EndGlobalSection
	GlobalSection(ExtensibilityGlobals) = postSolution
		SolutionGuid = {B70FD110-4337-4F0E-8DAB-451366B0E0F4}
	EndGlobalSection
EndGlobal
