
Microsoft Visual Studio Solution File, Format Version 12.00
# Visual Studio Version 17
VisualStudioVersion = 17.9.34728.123
MinimumVisualStudioVersion = 10.0.40219.1
Project("{FAE04EC0-301F-11D3-BF4B-00C04F79EFBC}") = "Functions", "Functions\Functions.csproj", "{8D58B843-C91E-4D7F-9A94-17E3ADB768EE}"
EndProject
Global
	GlobalSection(SolutionConfigurationPlatforms) = preSolution
		Debug|Any CPU = Debug|Any CPU
		Release|Any CPU = Release|Any CPU
	EndGlobalSection
	GlobalSection(ProjectConfigurationPlatforms) = postSolution
		{8D58B843-C91E-4D7F-9A94-17E3ADB768EE}.Debug|Any CPU.ActiveCfg = Debug|Any CPU
		{8D58B843-C91E-4D7F-9A94-17E3ADB768EE}.Debug|Any CPU.Build.0 = Debug|Any CPU
		{8D58B843-C91E-4D7F-9A94-17E3ADB768EE}.Release|Any CPU.ActiveCfg = Release|Any CPU
		{8D58B843-C91E-4D7F-9A94-17E3ADB768EE}.Release|Any CPU.Build.0 = Release|Any CPU
	EndGlobalSection
	GlobalSection(SolutionProperties) = preSolution
		HideSolutionNode = FALSE
	EndGlobalSection
	GlobalSection(ExtensibilityGlobals) = postSolution
		SolutionGuid = {5391EFB0-D216-4BE6-A5BD-07617674815F}
	EndGlobalSection
EndGlobal
