
Microsoft Visual Studio Solution File, Format Version 12.00
# Visual Studio Version 17
VisualStudioVersion = 17.10.34928.147
MinimumVisualStudioVersion = 10.0.40219.1
Project("{FAE04EC0-301F-11D3-BF4B-00C04F79EFBC}") = "Dynamic vCard", "Dynamic vCard.csproj", "{220537BC-9EB4-42C4-ABEC-6A68F03E9A0F}"
EndProject
Global
	GlobalSection(SolutionConfigurationPlatforms) = preSolution
		Debug|Any CPU = Debug|Any CPU
		Release|Any CPU = Release|Any CPU
	EndGlobalSection
	GlobalSection(ProjectConfigurationPlatforms) = postSolution
		{220537BC-9EB4-42C4-ABEC-6A68F03E9A0F}.Debug|Any CPU.ActiveCfg = Debug|Any CPU
		{220537BC-9EB4-42C4-ABEC-6A68F03E9A0F}.Debug|Any CPU.Build.0 = Debug|Any CPU
		{220537BC-9EB4-42C4-ABEC-6A68F03E9A0F}.Release|Any CPU.ActiveCfg = Release|Any CPU
		{220537BC-9EB4-42C4-ABEC-6A68F03E9A0F}.Release|Any CPU.Build.0 = Release|Any CPU
	EndGlobalSection
	GlobalSection(SolutionProperties) = preSolution
		HideSolutionNode = FALSE
	EndGlobalSection
	GlobalSection(ExtensibilityGlobals) = postSolution
		SolutionGuid = {3ECF2D87-CC48-4622-98F7-564C0727E0BA}
	EndGlobalSection
EndGlobal
